
Microsoft Visual Studio Solution File, Format Version 12.00
# Visual Studio Version 17
VisualStudioVersion = 17.11.35219.272
MinimumVisualStudioVersion = 10.0.40219.1
Project("{FAE04EC0-301F-11D3-BF4B-00C04F79EFBC}") = "DB.Persistence", "ProyectoCSIntermedio\DB.Persistence.csproj", "{A4B84086-70D0-490F-8FC7-A53DB1A273DF}"
EndProject
Global
	GlobalSection(SolutionConfigurationPlatforms) = preSolution
		Debug|Any CPU = Debug|Any CPU
		Release|Any CPU = Release|Any CPU
	EndGlobalSection
	GlobalSection(ProjectConfigurationPlatforms) = postSolution
		{A4B84086-70D0-490F-8FC7-A53DB1A273DF}.Debug|Any CPU.ActiveCfg = Debug|Any CPU
		{A4B84086-70D0-490F-8FC7-A53DB1A273DF}.Debug|Any CPU.Build.0 = Debug|Any CPU
		{A4B84086-70D0-490F-8FC7-A53DB1A273DF}.Release|Any CPU.ActiveCfg = Release|Any CPU
		{A4B84086-70D0-490F-8FC7-A53DB1A273DF}.Release|Any CPU.Build.0 = Release|Any CPU
	EndGlobalSection
	GlobalSection(SolutionProperties) = preSolution
		HideSolutionNode = FALSE
	EndGlobalSection
	GlobalSection(ExtensibilityGlobals) = postSolution
		SolutionGuid = {DA6AD2B2-6CBE-4193-B51C-BEDF2DF9C2E3}
	EndGlobalSection
EndGlobal
